{
    "_readme": [
        "This file locks the dependencies of your project to a known state",
        "Read more about it at https://getcomposer.org/doc/01-basic-usage.md#composer-lock-the-lock-file",
        "This file is @generated automatically"
    ],
    "hash": "ad2f07c03aaf647225913edc5e067856",
    "packages": [
        {
            "name": "erusev/parsedown",
            "version": "dev-master",
            "source": {
                "type": "git",
                "url": "https://github.com/erusev/parsedown.git",
                "reference": "8e26f45dee2a8e8df7c6649fbff7e2342aa333c5"
            },
            "dist": {
                "type": "zip",
                "url": "https://api.github.com/repos/erusev/parsedown/zipball/8e26f45dee2a8e8df7c6649fbff7e2342aa333c5",
                "reference": "8e26f45dee2a8e8df7c6649fbff7e2342aa333c5",
                "shasum": ""
            },
            "type": "library",
            "autoload": {
                "psr-0": {
                    "Parsedown": ""
                }
            },
            "notification-url": "https://packagist.org/downloads/",
            "license": [
                "MIT"
            ],
            "authors": [
                {
                    "name": "Emanuil Rusev",
                    "email": "hello@erusev.com",
                    "homepage": "http://erusev.com"
                }
            ],
            "description": "Parser for Markdown.",
            "homepage": "http://parsedown.org",
            "keywords": [
                "markdown",
                "parser"
            ],
            "time": "2015-06-15 14:38:15"
        },
        {
            "name": "psr/http-message",
            "version": "1.0",
            "source": {
                "type": "git",
                "url": "https://github.com/php-fig/http-message.git",
                "reference": "85d63699f0dbedb190bbd4b0d2b9dc707ea4c298"
            },
            "dist": {
                "type": "zip",
                "url": "https://api.github.com/repos/php-fig/http-message/zipball/85d63699f0dbedb190bbd4b0d2b9dc707ea4c298",
                "reference": "85d63699f0dbedb190bbd4b0d2b9dc707ea4c298",
                "shasum": ""
            },
            "require": {
                "php": ">=5.3.0"
            },
            "type": "library",
            "extra": {
                "branch-alias": {
                    "dev-master": "1.0.x-dev"
                }
            },
            "autoload": {
                "psr-4": {
                    "Psr\\Http\\Message\\": "src/"
                }
            },
            "notification-url": "https://packagist.org/downloads/",
            "license": [
                "MIT"
            ],
            "authors": [
                {
                    "name": "PHP-FIG",
                    "homepage": "http://www.php-fig.org/"
                }
            ],
            "description": "Common interface for HTTP messages",
            "keywords": [
                "http",
                "http-message",
                "psr",
                "psr-7",
                "request",
                "response"
            ],
            "time": "2015-05-04 20:22:00"
        },
        {
            "name": "zendframework/zend-config",
            "version": "2.5.1",
            "source": {
                "type": "git",
                "url": "https://github.com/zendframework/zend-config.git",
                "reference": "ec49b1df1bdd9772df09dc2f612fbfc279bf4c27"
            },
            "dist": {
                "type": "zip",
                "url": "https://api.github.com/repos/zendframework/zend-config/zipball/ec49b1df1bdd9772df09dc2f612fbfc279bf4c27",
                "reference": "ec49b1df1bdd9772df09dc2f612fbfc279bf4c27",
                "shasum": ""
            },
            "require": {
                "php": ">=5.3.23",
                "zendframework/zend-stdlib": "~2.5"
            },
            "require-dev": {
                "fabpot/php-cs-fixer": "1.7.*",
                "phpunit/phpunit": "~4.0",
                "zendframework/zend-filter": "~2.5",
                "zendframework/zend-i18n": "~2.5",
                "zendframework/zend-json": "~2.5",
                "zendframework/zend-mvc": "~2.5",
                "zendframework/zend-servicemanager": "~2.5"
            },
            "suggest": {
                "zendframework/zend-filter": "Zend\\Filter component",
                "zendframework/zend-i18n": "Zend\\I18n component",
                "zendframework/zend-json": "Zend\\Json to use the Json reader or writer classes",
                "zendframework/zend-servicemanager": "Zend\\ServiceManager for use with the Config Factory to retrieve reader and writer instances"
            },
            "type": "library",
            "extra": {
                "branch-alias": {
                    "dev-master": "2.5-dev",
                    "dev-develop": "2.6-dev"
                }
            },
            "autoload": {
                "psr-4": {
                    "Zend\\Config\\": "src/"
                }
            },
            "notification-url": "https://packagist.org/downloads/",
            "license": [
                "BSD-3-Clause"
            ],
            "description": "provides a nested object property based user interface for accessing this configuration data within application code",
            "homepage": "https://github.com/zendframework/zend-config",
            "keywords": [
                "config",
                "zf2"
            ],
            "time": "2015-06-03 15:32:00"
        },
        {
            "name": "zendframework/zend-db",
            "version": "dev-master",
            "source": {
                "type": "git",
                "url": "https://github.com/zendframework/zend-db.git",
                "reference": "ffd15a55d0364ac6a408bd6633f81fdaa3ce7e46"
            },
            "dist": {
                "type": "zip",
                "url": "https://api.github.com/repos/zendframework/zend-db/zipball/ffd15a55d0364ac6a408bd6633f81fdaa3ce7e46",
                "reference": "ffd15a55d0364ac6a408bd6633f81fdaa3ce7e46",
                "shasum": ""
            },
            "require": {
                "php": ">=5.5",
                "zendframework/zend-stdlib": "~2.5"
            },
            "require-dev": {
                "fabpot/php-cs-fixer": "1.7.*",
                "phpunit/phpunit": "~4.0",
                "zendframework/zend-eventmanager": "~2.5",
                "zendframework/zend-mvc": "~2.5",
                "zendframework/zend-servicemanager": "~2.5"
            },
            "suggest": {
                "zendframework/zend-eventmanager": "Zend\\EventManager component",
                "zendframework/zend-servicemanager": "Zend\\ServiceManager component"
            },
            "type": "library",
            "extra": {
                "branch-alias": {
                    "dev-master": "2.5-dev",
                    "dev-develop": "2.6-dev"
                }
            },
            "autoload": {
                "psr-4": {
                    "Zend\\Db\\": "src/"
                }
            },
            "notification-url": "https://packagist.org/downloads/",
            "license": [
                "BSD-3-Clause"
            ],
            "homepage": "https://github.com/zendframework/zend-db",
            "keywords": [
                "db",
                "zf2"
            ],
            "time": "2015-06-05 09:17:31"
        },
        {
            "name": "zendframework/zend-diactoros",
            "version": "dev-master",
            "source": {
                "type": "git",
                "url": "https://github.com/zendframework/zend-diactoros.git",
                "reference": "7406a790acb23c143d2bbc185b8e338d6f7b0f96"
            },
            "dist": {
                "type": "zip",
                "url": "https://api.github.com/repos/zendframework/zend-diactoros/zipball/7406a790acb23c143d2bbc185b8e338d6f7b0f96",
                "reference": "7406a790acb23c143d2bbc185b8e338d6f7b0f96",
                "shasum": ""
            },
            "require": {
                "php": ">=5.4",
                "psr/http-message": "~1.0"
            },
            "provide": {
                "psr/http-message-implementation": "~1.0.0"
            },
            "require-dev": {
                "phpunit/phpunit": "~4.6",
                "squizlabs/php_codesniffer": "^2.3.1"
            },
            "type": "library",
            "extra": {
                "branch-alias": {
                    "dev-master": "1.0-dev",
                    "dev-develop": "1.1-dev"
                }
            },
            "autoload": {
                "psr-4": {
                    "Zend\\Diactoros\\": "src/"
                }
            },
            "notification-url": "https://packagist.org/downloads/",
            "license": [
                "BSD-2-Clause"
            ],
            "description": "PSR HTTP Message implementations",
            "homepage": "https://github.com/zendframework/zend-diactoros",
            "keywords": [
                "http",
                "psr",
                "psr-7"
            ],
            "time": "2015-06-12 16:23:58"
        },
        {
            "name": "zendframework/zend-escaper",
            "version": "2.5.1",
            "source": {
                "type": "git",
                "url": "https://github.com/zendframework/zend-escaper.git",
                "reference": "a4b227d8a477f4e7e9073f8e0a7ae7dbd3104a73"
            },
            "dist": {
                "type": "zip",
                "url": "https://api.github.com/repos/zendframework/zend-escaper/zipball/a4b227d8a477f4e7e9073f8e0a7ae7dbd3104a73",
                "reference": "a4b227d8a477f4e7e9073f8e0a7ae7dbd3104a73",
                "shasum": ""
            },
            "require": {
                "php": ">=5.3.23"
            },
            "require-dev": {
                "fabpot/php-cs-fixer": "1.7.*",
                "phpunit/phpunit": "~4.0"
            },
            "type": "library",
            "extra": {
                "branch-alias": {
                    "dev-master": "2.5-dev",
                    "dev-develop": "2.6-dev"
                }
            },
            "autoload": {
                "psr-4": {
                    "Zend\\Escaper\\": "src/"
                }
            },
            "notification-url": "https://packagist.org/downloads/",
            "license": [
                "BSD-3-Clause"
            ],
            "homepage": "https://github.com/zendframework/zend-escaper",
            "keywords": [
                "escaper",
                "zf2"
            ],
            "time": "2015-06-03 14:05:37"
        },
        {
            "name": "zendframework/zend-feed",
            "version": "2.5.1",
            "source": {
                "type": "git",
                "url": "https://github.com/zendframework/zend-feed.git",
                "reference": "c5528e2fd632a5dc09b5487fabca125e4b88d9c0"
            },
            "dist": {
                "type": "zip",
                "url": "https://api.github.com/repos/zendframework/zend-feed/zipball/c5528e2fd632a5dc09b5487fabca125e4b88d9c0",
                "reference": "c5528e2fd632a5dc09b5487fabca125e4b88d9c0",
                "shasum": ""
            },
            "require": {
                "php": ">=5.3.23",
                "zendframework/zend-escaper": "~2.5",
                "zendframework/zend-stdlib": "~2.5"
            },
            "require-dev": {
                "fabpot/php-cs-fixer": "1.7.*",
                "phpunit/phpunit": "~4.0",
                "zendframework/zend-cache": "~2.5",
                "zendframework/zend-db": "~2.5",
                "zendframework/zend-http": "~2.5",
                "zendframework/zend-servicemanager": "~2.5",
                "zendframework/zend-validator": "~2.5"
            },
            "suggest": {
                "zendframework/zend-cache": "Zend\\Cache component",
                "zendframework/zend-db": "Zend\\Db component",
                "zendframework/zend-http": "Zend\\Http for PubSubHubbub, and optionally for use with Zend\\Feed\\Reader",
                "zendframework/zend-servicemanager": "Zend\\ServiceManager component, for default/recommended ExtensionManager implementations",
                "zendframework/zend-validator": "Zend\\Validator component"
            },
            "type": "library",
            "extra": {
                "branch-alias": {
                    "dev-master": "2.5-dev",
                    "dev-develop": "2.6-dev"
                }
            },
            "autoload": {
                "psr-4": {
                    "Zend\\Feed\\": "src/"
                }
            },
            "notification-url": "https://packagist.org/downloads/",
            "license": [
                "BSD-3-Clause"
            ],
            "description": "provides functionality for consuming RSS and Atom feeds",
            "homepage": "https://github.com/zendframework/zend-feed",
            "keywords": [
                "feed",
                "zf2"
            ],
            "time": "2015-06-03 15:32:01"
        },
        {
            "name": "zendframework/zend-filter",
            "version": "2.5.1",
            "source": {
                "type": "git",
                "url": "https://github.com/zendframework/zend-filter.git",
                "reference": "93e6990a198e6cdd811064083acac4693f4b29ae"
            },
            "dist": {
                "type": "zip",
                "url": "https://api.github.com/repos/zendframework/zend-filter/zipball/93e6990a198e6cdd811064083acac4693f4b29ae",
                "reference": "93e6990a198e6cdd811064083acac4693f4b29ae",
                "shasum": ""
            },
            "require": {
                "php": ">=5.3.23",
                "zendframework/zend-stdlib": "~2.5"
            },
            "require-dev": {
                "fabpot/php-cs-fixer": "1.7.*",
                "phpunit/phpunit": "~4.0",
                "zendframework/zend-config": "~2.5",
                "zendframework/zend-crypt": "~2.5",
                "zendframework/zend-i18n": "~2.5",
                "zendframework/zend-loader": "~2.5",
                "zendframework/zend-servicemanager": "~2.5",
                "zendframework/zend-uri": "~2.5"
            },
            "suggest": {
                "zendframework/zend-crypt": "Zend\\Crypt component",
                "zendframework/zend-i18n": "Zend\\I18n component",
                "zendframework/zend-servicemanager": "Zend\\ServiceManager component",
                "zendframework/zend-uri": "Zend\\Uri component for UriNormalize filter"
            },
            "type": "library",
            "extra": {
                "branch-alias": {
                    "dev-master": "2.5-dev",
                    "dev-develop": "2.6-dev"
                }
            },
            "autoload": {
                "psr-4": {
                    "Zend\\Filter\\": "src/"
                }
            },
            "notification-url": "https://packagist.org/downloads/",
            "license": [
                "BSD-3-Clause"
            ],
            "description": "provides a set of commonly needed data filters",
            "homepage": "https://github.com/zendframework/zend-filter",
            "keywords": [
                "filter",
                "zf2"
            ],
            "time": "2015-06-03 15:32:01"
        },
        {
            "name": "zendframework/zend-servicemanager",
            "version": "2.5.1",
            "source": {
                "type": "git",
                "url": "https://github.com/zendframework/zend-servicemanager.git",
                "reference": "3b22c403e351d92526c642cba0bd810bc22e1c56"
            },
            "dist": {
                "type": "zip",
                "url": "https://api.github.com/repos/zendframework/zend-servicemanager/zipball/3b22c403e351d92526c642cba0bd810bc22e1c56",
                "reference": "3b22c403e351d92526c642cba0bd810bc22e1c56",
                "shasum": ""
            },
            "require": {
                "php": ">=5.3.23"
            },
            "require-dev": {
                "fabpot/php-cs-fixer": "1.7.*",
                "phpunit/phpunit": "~4.0",
                "zendframework/zend-di": "~2.5",
                "zendframework/zend-mvc": "~2.5"
            },
            "suggest": {
                "ocramius/proxy-manager": "ProxyManager 0.5.* to handle lazy initialization of services",
                "zendframework/zend-di": "Zend\\Di component"
            },
            "type": "library",
            "extra": {
                "branch-alias": {
                    "dev-master": "2.5-dev",
                    "dev-develop": "2.6-dev"
                }
            },
            "autoload": {
                "psr-4": {
                    "Zend\\ServiceManager\\": "src/"
                }
            },
            "notification-url": "https://packagist.org/downloads/",
            "license": [
                "BSD-3-Clause"
            ],
            "homepage": "https://github.com/zendframework/zend-servicemanager",
            "keywords": [
                "servicemanager",
                "zf2"
            ],
            "time": "2015-06-03 15:32:02"
        },
        {
            "name": "zendframework/zend-stdlib",
            "version": "2.5.1",
            "source": {
                "type": "git",
                "url": "https://github.com/zendframework/zend-stdlib.git",
                "reference": "cc8e90a60dd5d44b9730b77d07b97550091da1ae"
            },
            "dist": {
                "type": "zip",
                "url": "https://api.github.com/repos/zendframework/zend-stdlib/zipball/cc8e90a60dd5d44b9730b77d07b97550091da1ae",
                "reference": "cc8e90a60dd5d44b9730b77d07b97550091da1ae",
                "shasum": ""
            },
            "require": {
                "php": ">=5.3.23"
            },
            "require-dev": {
                "fabpot/php-cs-fixer": "1.7.*",
                "phpunit/phpunit": "~4.0",
                "zendframework/zend-config": "~2.5",
                "zendframework/zend-eventmanager": "~2.5",
                "zendframework/zend-filter": "~2.5",
                "zendframework/zend-inputfilter": "~2.5",
                "zendframework/zend-serializer": "~2.5",
                "zendframework/zend-servicemanager": "~2.5"
            },
            "suggest": {
                "zendframework/zend-eventmanager": "To support aggregate hydrator usage",
                "zendframework/zend-filter": "To support naming strategy hydrator usage",
                "zendframework/zend-serializer": "Zend\\Serializer component",
                "zendframework/zend-servicemanager": "To support hydrator plugin manager usage"
            },
            "type": "library",
            "extra": {
                "branch-alias": {
                    "dev-master": "2.5-dev",
                    "dev-develop": "2.6-dev"
                }
            },
            "autoload": {
                "psr-4": {
                    "Zend\\Stdlib\\": "src/"
                }
            },
            "notification-url": "https://packagist.org/downloads/",
            "license": [
                "BSD-3-Clause"
            ],
            "homepage": "https://github.com/zendframework/zend-stdlib",
            "keywords": [
                "stdlib",
                "zf2"
            ],
            "time": "2015-06-03 15:32:03"
        },
        {
            "name": "zendframework/zend-stratigility",
            "version": "dev-master",
            "source": {
                "type": "git",
                "url": "https://github.com/zendframework/zend-stratigility.git",
                "reference": "850b7a7af89f753ab342f7003038bf66f53bdaaf"
            },
            "dist": {
                "type": "zip",
                "url": "https://api.github.com/repos/zendframework/zend-stratigility/zipball/850b7a7af89f753ab342f7003038bf66f53bdaaf",
                "reference": "850b7a7af89f753ab342f7003038bf66f53bdaaf",
                "shasum": ""
            },
            "require": {
                "php": ">=5.4.8",
                "psr/http-message": "~1.0.0",
                "zendframework/zend-escaper": "~2.3"
            },
            "require-dev": {
                "phpunit/phpunit": "3.7.*",
                "squizlabs/php_codesniffer": "^2.3.1",
                "zendframework/zend-diactoros": "~1.0"
            },
            "suggest": {
                "psr/http-message-implementation": "Please install a psr/http-message-implementation to consume Stratigility; e.g., zendframework/zend-diactoros"
            },
            "type": "library",
            "extra": {
                "branch-alias": {
                    "dev-master": "1.0-dev",
                    "dev-develop": "1.1-dev"
                }
            },
            "autoload": {
                "psr-4": {
                    "Zend\\Stratigility\\": "src/"
                }
            },
            "notification-url": "https://packagist.org/downloads/",
            "license": [
                "BSD-3-Clause"
            ],
            "description": "Middleware for PHP",
            "homepage": "https://github.com/zendframework/zend-stratigility",
            "keywords": [
                "http",
                "middleware",
                "psr-7"
            ],
            "time": "2015-06-16 13:00:05"
        }
    ],
    "packages-dev": [],
    "aliases": [],
    "minimum-stability": "stable",
    "stability-flags": {
        "erusev/parsedown": 20,
        "zendframework/zend-diactoros": 20,
        "zendframework/zend-stratigility": 20,
        "zendframework/zend-db": 20
    },
    "prefer-stable": false,
    "prefer-lowest": false,
    "platform": {
        "php": ">=5.6"
    },
    "platform-dev": []
}
